// !$*UTF8*$!
{
	archiveVersion = 1;
	classes = {
	};
	objectVersion = 56;
	objects = {

/* Begin PBXBuildFile section */
		77D001CF2A7A012500B17F13 /* main.cpp in Sources */ = {isa = PBXBuildFile; fileRef = 77D001CE2A7A012500B17F13 /* main.cpp */; };
		77D001F52A7A018600B17F13 /* Tree.cpp in Sources */ = {isa = PBXBuildFile; fileRef = 77D001D72A7A018600B17F13 /* Tree.cpp */; };
		77D001F62A7A018600B17F13 /* Tool.cpp in Sources */ = {isa = PBXBuildFile; fileRef = 77D001D92A7A018600B17F13 /* Tool.cpp */; };
		77D001F72A7A018600B17F13 /* ArrayRelative.cpp in Sources */ = {isa = PBXBuildFile; fileRef = 77D001DB2A7A018600B17F13 /* ArrayRelative.cpp */; };
		77D001F82A7A018600B17F13 /* LinkList.cpp in Sources */ = {isa = PBXBuildFile; fileRef = 77D001DE2A7A018600B17F13 /* LinkList.cpp */; };
		77D001F92A7A018600B17F13 /* DP.cpp in Sources */ = {isa = PBXBuildFile; fileRef = 77D001E12A7A018600B17F13 /* DP.cpp */; };
/* End PBXBuildFile section */

/* Begin PBXCopyFilesBuildPhase section */
		77D001C92A7A012500B17F13 /* CopyFiles */ = {
			isa = PBXCopyFilesBuildPhase;
			buildActionMask = 2147483647;
			dstPath = /usr/share/man/man1/;
			dstSubfolderSpec = 0;
			files = (
			);
			runOnlyForDeploymentPostprocessing = 1;
		};
/* End PBXCopyFilesBuildPhase section */

/* Begin PBXFileReference section */
		77D001CB2A7A012500B17F13 /* LeetCode */ = {isa = PBXFileReference; explicitFileType = "compiled.mach-o.executable"; includeInIndex = 0; path = LeetCode; sourceTree = BUILT_PRODUCTS_DIR; };
		77D001CE2A7A012500B17F13 /* main.cpp */ = {isa = PBXFileReference; lastKnownFileType = sourcecode.cpp.cpp; path = main.cpp; sourceTree = "<group>"; };
		77D001D52A7A018600B17F13 /* Tool.hpp */ = {isa = PBXFileReference; fileEncoding = 4; lastKnownFileType = sourcecode.cpp.h; path = Tool.hpp; sourceTree = "<group>"; };
		77D001D72A7A018600B17F13 /* Tree.cpp */ = {isa = PBXFileReference; fileEncoding = 4; lastKnownFileType = sourcecode.cpp.cpp; path = Tree.cpp; sourceTree = "<group>"; };
		77D001D82A7A018600B17F13 /* Tree.hpp */ = {isa = PBXFileReference; fileEncoding = 4; lastKnownFileType = sourcecode.cpp.h; path = Tree.hpp; sourceTree = "<group>"; };
		77D001D92A7A018600B17F13 /* Tool.cpp */ = {isa = PBXFileReference; fileEncoding = 4; lastKnownFileType = sourcecode.cpp.cpp; path = Tool.cpp; sourceTree = "<group>"; };
		77D001DB2A7A018600B17F13 /* ArrayRelative.cpp */ = {isa = PBXFileReference; fileEncoding = 4; lastKnownFileType = sourcecode.cpp.cpp; path = ArrayRelative.cpp; sourceTree = "<group>"; };
		77D001DC2A7A018600B17F13 /* ArrayRelative.hpp */ = {isa = PBXFileReference; fileEncoding = 4; lastKnownFileType = sourcecode.cpp.h; path = ArrayRelative.hpp; sourceTree = "<group>"; };
		77D001DE2A7A018600B17F13 /* LinkList.cpp */ = {isa = PBXFileReference; fileEncoding = 4; lastKnownFileType = sourcecode.cpp.cpp; path = LinkList.cpp; sourceTree = "<group>"; };
		77D001DF2A7A018600B17F13 /* LinkList.hpp */ = {isa = PBXFileReference; fileEncoding = 4; lastKnownFileType = sourcecode.cpp.h; path = LinkList.hpp; sourceTree = "<group>"; };
		77D001E12A7A018600B17F13 /* DP.cpp */ = {isa = PBXFileReference; fileEncoding = 4; lastKnownFileType = sourcecode.cpp.cpp; path = DP.cpp; sourceTree = "<group>"; };
		77D001E22A7A018600B17F13 /* DP.hpp */ = {isa = PBXFileReference; fileEncoding = 4; lastKnownFileType = sourcecode.cpp.h; path = DP.hpp; sourceTree = "<group>"; };
/* End PBXFileReference section */

/* Begin PBXFrameworksBuildPhase section */
		77D001C82A7A012500B17F13 /* Frameworks */ = {
			isa = PBXFrameworksBuildPhase;
			buildActionMask = 2147483647;
			files = (
			);
			runOnlyForDeploymentPostprocessing = 0;
		};
/* End PBXFrameworksBuildPhase section */

/* Begin PBXGroup section */
		77D001C22A7A012500B17F13 = {
			isa = PBXGroup;
			children = (
				77D001CD2A7A012500B17F13 /* LeetCode */,
				77D001CC2A7A012500B17F13 /* Products */,
			);
			sourceTree = "<group>";
		};
		77D001CC2A7A012500B17F13 /* Products */ = {
			isa = PBXGroup;
			children = (
				77D001CB2A7A012500B17F13 /* LeetCode */,
			);
			name = Products;
			sourceTree = "<group>";
		};
		77D001CD2A7A012500B17F13 /* LeetCode */ = {
			isa = PBXGroup;
			children = (
				77D001DA2A7A018600B17F13 /* Array */,
				77D001E02A7A018600B17F13 /* DP */,
				77D001DD2A7A018600B17F13 /* LinkList */,
				77D001D62A7A018600B17F13 /* Tree */,
				77D001CE2A7A012500B17F13 /* main.cpp */,
				77D001D92A7A018600B17F13 /* Tool.cpp */,
				77D001D52A7A018600B17F13 /* Tool.hpp */,
			);
			path = LeetCode;
			sourceTree = "<group>";
		};
		77D001D62A7A018600B17F13 /* Tree */ = {
			isa = PBXGroup;
			children = (
				77D001D72A7A018600B17F13 /* Tree.cpp */,
				77D001D82A7A018600B17F13 /* Tree.hpp */,
			);
			path = Tree;
			sourceTree = "<group>";
		};
		77D001DA2A7A018600B17F13 /* Array */ = {
			isa = PBXGroup;
			children = (
				77D001DB2A7A018600B17F13 /* ArrayRelative.cpp */,
				77D001DC2A7A018600B17F13 /* ArrayRelative.hpp */,
			);
			path = Array;
			sourceTree = "<group>";
		};
		77D001DD2A7A018600B17F13 /* LinkList */ = {
			isa = PBXGroup;
			children = (
				77D001DE2A7A018600B17F13 /* LinkList.cpp */,
				77D001DF2A7A018600B17F13 /* LinkList.hpp */,
			);
			path = LinkList;
			sourceTree = "<group>";
		};
		77D001E02A7A018600B17F13 /* DP */ = {
			isa = PBXGroup;
			children = (
				77D001E12A7A018600B17F13 /* DP.cpp */,
				77D001E22A7A018600B17F13 /* DP.hpp */,
			);
			path = DP;
			sourceTree = "<group>";
		};
/* End PBXGroup section */

/* Begin PBXNativeTarget section */
		77D001CA2A7A012500B17F13 /* LeetCode */ = {
			isa = PBXNativeTarget;
			buildConfigurationList = 77D001D22A7A012500B17F13 /* Build configuration list for PBXNativeTarget "LeetCode" */;
			buildPhases = (
				77D001C72A7A012500B17F13 /* Sources */,
				77D001C82A7A012500B17F13 /* Frameworks */,
				77D001C92A7A012500B17F13 /* CopyFiles */,
			);
			buildRules = (
			);
			dependencies = (
			);
			name = LeetCode;
			productName = LeetCode;
			productReference = 77D001CB2A7A012500B17F13 /* LeetCode */;
			productType = "com.apple.product-type.tool";
		};
/* End PBXNativeTarget section */

/* Begin PBXProject section */
		77D001C32A7A012500B17F13 /* Project object */ = {
			isa = PBXProject;
			attributes = {
				BuildIndependentTargetsInParallel = 1;
				LastUpgradeCheck = 1430;
				TargetAttributes = {
					77D001CA2A7A012500B17F13 = {
						CreatedOnToolsVersion = 14.3.1;
					};
				};
			};
			buildConfigurationList = 77D001C62A7A012500B17F13 /* Build configuration list for PBXProject "LeetCode" */;
			compatibilityVersion = "Xcode 14.0";
			developmentRegion = en;
			hasScannedForEncodings = 0;
			knownRegions = (
				en,
				Base,
			);
			mainGroup = 77D001C22A7A012500B17F13;
			productRefGroup = 77D001CC2A7A012500B17F13 /* Products */;
			projectDirPath = "";
			projectRoot = "";
			targets = (
				77D001CA2A7A012500B17F13 /* LeetCode */,
			);
		};
/* End PBXProject section */

/* Begin PBXSourcesBuildPhase section */
		77D001C72A7A012500B17F13 /* Sources */ = {
			isa = PBXSourcesBuildPhase;
			buildActionMask = 2147483647;
			files = (
				77D001F62A7A018600B17F13 /* Tool.cpp in Sources */,
				77D001F92A7A018600B17F13 /* DP.cpp in Sources */,
				77D001F72A7A018600B17F13 /* ArrayRelative.cpp in Sources */,
				77D001CF2A7A012500B17F13 /* main.cpp in Sources */,
				77D001F52A7A018600B17F13 /* Tree.cpp in Sources */,
				77D001F82A7A018600B17F13 /* LinkList.cpp in Sources */,
			);
			runOnlyForDeploymentPostprocessing = 0;
		};
/* End PBXSourcesBuildPhase section */

/* Begin XCBuildConfiguration section */
		77D001D02A7A012500B17F13 /* Debug */ = {
			isa = XCBuildConfiguration;
			buildSettings = {
				ALWAYS_SEARCH_USER_PATHS = NO;
				CLANG_ANALYZER_NONNULL = YES;
				CLANG_ANALYZER_NUMBER_OBJECT_CONVERSION = YES_AGGRESSIVE;
				CLANG_CXX_LANGUAGE_STANDARD = "gnu++20";
				CLANG_ENABLE_MODULES = YES;
				CLANG_ENABLE_OBJC_ARC = YES;
				CLANG_ENABLE_OBJC_WEAK = YES;
				CLANG_WARN_BLOCK_CAPTURE_AUTORELEASING = YES;
				CLANG_WARN_BOOL_CONVERSION = YES;
				CLANG_WARN_COMMA = YES;
				CLANG_WARN_CONSTANT_CONVERSION = YES;
				CLANG_WARN_DEPRECATED_OBJC_IMPLEMENTATIONS = YES;
				CLANG_WARN_DIRECT_OBJC_ISA_USAGE = YES_ERROR;
				CLANG_WARN_DOCUMENTATION_COMMENTS = YES;
				CLANG_WARN_EMPTY_BODY = YES;
				CLANG_WARN_ENUM_CONVERSION = YES;
				CLANG_WARN_INFINITE_RECURSION = YES;
				CLANG_WARN_INT_CONVERSION = YES;
				CLANG_WARN_NON_LITERAL_NULL_CONVERSION = YES;
				CLANG_WARN_OBJC_IMPLICIT_RETAIN_SELF = YES;
				CLANG_WARN_OBJC_LITERAL_CONVERSION = YES;
				CLANG_WARN_OBJC_ROOT_CLASS = YES_ERROR;
				CLANG_WARN_QUOTED_INCLUDE_IN_FRAMEWORK_HEADER = YES;
				CLANG_WARN_RANGE_LOOP_ANALYSIS = YES;
				CLANG_WARN_STRICT_PROTOTYPES = YES;
				CLANG_WARN_SUSPICIOUS_MOVE = YES;
				CLANG_WARN_UNGUARDED_AVAILABILITY = YES_AGGRESSIVE;
				CLANG_WARN_UNREACHABLE_CODE = YES;
				CLANG_WARN__DUPLICATE_METHOD_MATCH = YES;
				COPY_PHASE_STRIP = NO;
				DEBUG_INFORMATION_FORMAT = dwarf;
				ENABLE_STRICT_OBJC_MSGSEND = YES;
				ENABLE_TESTABILITY = YES;
				GCC_C_LANGUAGE_STANDARD = gnu11;
				GCC_DYNAMIC_NO_PIC = NO;
				GCC_NO_COMMON_BLOCKS = YES;
				GCC_OPTIMIZATION_LEVEL = 0;
				GCC_PREPROCESSOR_DEFINITIONS = (
					"DEBUG=1",
					"$(inherited)",
				);
				GCC_WARN_64_TO_32_BIT_CONVERSION = YES;
				GCC_WARN_ABOUT_RETURN_TYPE = YES_ERROR;
				GCC_WARN_UNDECLARED_SELECTOR = YES;
				GCC_WARN_UNINITIALIZED_AUTOS = YES_AGGRESSIVE;
				GCC_WARN_UNUSED_FUNCTION = YES;
				GCC_WARN_UNUSED_VARIABLE = YES;
				MACOSX_DEPLOYMENT_TARGET = 13.2;
				MTL_ENABLE_DEBUG_INFO = INCLUDE_SOURCE;
				MTL_FAST_MATH = YES;
				ONLY_ACTIVE_ARCH = YES;
				SDKROOT = macosx;
			};
			name = Debug;
		};
		77D001D12A7A012500B17F13 /* Release */ = {
			isa = XCBuildConfiguration;
			buildSettings = {
				ALWAYS_SEARCH_USER_PATHS = NO;
				CLANG_ANALYZER_NONNULL = YES;
				CLANG_ANALYZER_NUMBER_OBJECT_CONVERSION = YES_AGGRESSIVE;
				CLANG_CXX_LANGUAGE_STANDARD = "gnu++20";
				CLANG_ENABLE_MODULES = YES;
				CLANG_ENABLE_OBJC_ARC = YES;
				CLANG_ENABLE_OBJC_WEAK = YES;
				CLANG_WARN_BLOCK_CAPTURE_AUTORELEASING = YES;
				CLANG_WARN_BOOL_CONVERSION = YES;
				CLANG_WARN_COMMA = YES;
				CLANG_WARN_CONSTANT_CONVERSION = YES;
				CLANG_WARN_DEPRECATED_OBJC_IMPLEMENTATIONS = YES;
				CLANG_WARN_DIRECT_OBJC_ISA_USAGE = YES_ERROR;
				CLANG_WARN_DOCUMENTATION_COMMENTS = YES;
				CLANG_WARN_EMPTY_BODY = YES;
				CLANG_WARN_ENUM_CONVERSION = YES;
				CLANG_WARN_INFINITE_RECURSION = YES;
				CLANG_WARN_INT_CONVERSION = YES;
				CLANG_WARN_NON_LITERAL_NULL_CONVERSION = YES;
				CLANG_WARN_OBJC_IMPLICIT_RETAIN_SELF = YES;
				CLANG_WARN_OBJC_LITERAL_CONVERSION = YES;
				CLANG_WARN_OBJC_ROOT_CLASS = YES_ERROR;
				CLANG_WARN_QUOTED_INCLUDE_IN_FRAMEWORK_HEADER = YES;
				CLANG_WARN_RANGE_LOOP_ANALYSIS = YES;
				CLANG_WARN_STRICT_PROTOTYPES = YES;
				CLANG_WARN_SUSPICIOUS_MOVE = YES;
				CLANG_WARN_UNGUARDED_AVAILABILITY = YES_AGGRESSIVE;
				CLANG_WARN_UNREACHABLE_CODE = YES;
				CLANG_WARN__DUPLICATE_METHOD_MATCH = YES;
				COPY_PHASE_STRIP = NO;
				DEBUG_INFORMATION_FORMAT = "dwarf-with-dsym";
				ENABLE_NS_ASSERTIONS = NO;
				ENABLE_STRICT_OBJC_MSGSEND = YES;
				GCC_C_LANGUAGE_STANDARD = gnu11;
				GCC_NO_COMMON_BLOCKS = YES;
				GCC_WARN_64_TO_32_BIT_CONVERSION = YES;
				GCC_WARN_ABOUT_RETURN_TYPE = YES_ERROR;
				GCC_WARN_UNDECLARED_SELECTOR = YES;
				GCC_WARN_UNINITIALIZED_AUTOS = YES_AGGRESSIVE;
				GCC_WARN_UNUSED_FUNCTION = YES;
				GCC_WARN_UNUSED_VARIABLE = YES;
				MACOSX_DEPLOYMENT_TARGET = 13.2;
				MTL_ENABLE_DEBUG_INFO = NO;
				MTL_FAST_MATH = YES;
				SDKROOT = macosx;
			};
			name = Release;
		};
		77D001D32A7A012500B17F13 /* Debug */ = {
			isa = XCBuildConfiguration;
			buildSettings = {
				CODE_SIGN_STYLE = Automatic;
				DEVELOPMENT_TEAM = HK23QB553T;
				ENABLE_HARDENED_RUNTIME = YES;
				PRODUCT_NAME = "$(TARGET_NAME)";
			};
			name = Debug;
		};
		77D001D42A7A012500B17F13 /* Release */ = {
			isa = XCBuildConfiguration;
			buildSettings = {
				CODE_SIGN_STYLE = Automatic;
				DEVELOPMENT_TEAM = HK23QB553T;
				ENABLE_HARDENED_RUNTIME = YES;
				PRODUCT_NAME = "$(TARGET_NAME)";
			};
			name = Release;
		};
/* End XCBuildConfiguration section */

/* Begin XCConfigurationList section */
		77D001C62A7A012500B17F13 /* Build configuration list for PBXProject "LeetCode" */ = {
			isa = XCConfigurationList;
			buildConfigurations = (
				77D001D02A7A012500B17F13 /* Debug */,
				77D001D12A7A012500B17F13 /* Release */,
			);
			defaultConfigurationIsVisible = 0;
			defaultConfigurationName = Release;
		};
		77D001D22A7A012500B17F13 /* Build configuration list for PBXNativeTarget "LeetCode" */ = {
			isa = XCConfigurationList;
			buildConfigurations = (
				77D001D32A7A012500B17F13 /* Debug */,
				77D001D42A7A012500B17F13 /* Release */,
			);
			defaultConfigurationIsVisible = 0;
			defaultConfigurationName = Release;
		};
/* End XCConfigurationList section */
	};
	rootObject = 77D001C32A7A012500B17F13 /* Project object */;
}
